
Microsoft Visual Studio Solution File, Format Version 12.00
# Visual Studio Version 17
VisualStudioVersion = 17.8.34309.116
MinimumVisualStudioVersion = 10.0.40219.1
Project("{FAE04EC0-301F-11D3-BF4B-00C04F79EFBC}") = "KnowledgeCheck2-SD-Module2", "KnowledgeCheck2-SD-Module2.csproj", "{91CE32EB-F58F-458B-B40A-18C40D8029F6}"
EndProject
Global
	GlobalSection(SolutionConfigurationPlatforms) = preSolution
		Debug|Any CPU = Debug|Any CPU
		Release|Any CPU = Release|Any CPU
	EndGlobalSection
	GlobalSection(ProjectConfigurationPlatforms) = postSolution
		{91CE32EB-F58F-458B-B40A-18C40D8029F6}.Debug|Any CPU.ActiveCfg = Debug|Any CPU
		{91CE32EB-F58F-458B-B40A-18C40D8029F6}.Debug|Any CPU.Build.0 = Debug|Any CPU
		{91CE32EB-F58F-458B-B40A-18C40D8029F6}.Release|Any CPU.ActiveCfg = Release|Any CPU
		{91CE32EB-F58F-458B-B40A-18C40D8029F6}.Release|Any CPU.Build.0 = Release|Any CPU
	EndGlobalSection
	GlobalSection(SolutionProperties) = preSolution
		HideSolutionNode = FALSE
	EndGlobalSection
	GlobalSection(ExtensibilityGlobals) = postSolution
		SolutionGuid = {AD49D32C-45E0-42E9-8ECC-3B33C32591CE}
	EndGlobalSection
EndGlobal
